// !$*UTF8*$!
{
	archiveVersion = 1;
	classes = {
	};
	objectVersion = 50;
	objects = {

/* Begin PBXBuildFile section */
		6E280C9F260FF90F00FD1E69 /* StuddyBudApp.swift in Sources */ = {isa = PBXBuildFile; fileRef = 6E280C9E260FF90F00FD1E69 /* StuddyBudApp.swift */; };
		6E280CA1260FF90F00FD1E69 /* ContentView.swift in Sources */ = {isa = PBXBuildFile; fileRef = 6E280CA0260FF90F00FD1E69 /* ContentView.swift */; };
		6E280CA3260FF91100FD1E69 /* Assets.xcassets in Resources */ = {isa = PBXBuildFile; fileRef = 6E280CA2260FF91100FD1E69 /* Assets.xcassets */; };
		6E280CA6260FF91100FD1E69 /* Preview Assets.xcassets in Resources */ = {isa = PBXBuildFile; fileRef = 6E280CA5260FF91100FD1E69 /* Preview Assets.xcassets */; };
		6E280CA8260FF91100FD1E69 /* Persistence.swift in Sources */ = {isa = PBXBuildFile; fileRef = 6E280CA7260FF91100FD1E69 /* Persistence.swift */; };
		6E280CAB260FF91100FD1E69 /* StuddyBud.xcdatamodeld in Sources */ = {isa = PBXBuildFile; fileRef = 6E280CA9260FF91100FD1E69 /* StuddyBud.xcdatamodeld */; };
		6E280CB7260FFAE600FD1E69 /* NetworkStructs.swift in Sources */ = {isa = PBXBuildFile; fileRef = 6E280CB6260FFAE600FD1E69 /* NetworkStructs.swift */; };
		6E280CBA260FFAF600FD1E69 /* NetConfig.swift in Sources */ = {isa = PBXBuildFile; fileRef = 6E280CB9260FFAF600FD1E69 /* NetConfig.swift */; };
		6E280CBD260FFAFF00FD1E69 /* MainModel.swift in Sources */ = {isa = PBXBuildFile; fileRef = 6E280CBC260FFAFF00FD1E69 /* MainModel.swift */; };
		6E280CC0260FFB1500FD1E69 /* JobTransmitterAndReceiver.swift in Sources */ = {isa = PBXBuildFile; fileRef = 6E280CBF260FFB1500FD1E69 /* JobTransmitterAndReceiver.swift */; };
		6E280CC3260FFB2200FD1E69 /* MainViewModel.swift in Sources */ = {isa = PBXBuildFile; fileRef = 6E280CC2260FFB2200FD1E69 /* MainViewModel.swift */; };
		6E280CC6260FFB3600FD1E69 /* FRQChecker.swift in Sources */ = {isa = PBXBuildFile; fileRef = 6E280CC5260FFB3600FD1E69 /* FRQChecker.swift */; };
		6E280CC9260FFB4700FD1E69 /* QuizViewModel.swift in Sources */ = {isa = PBXBuildFile; fileRef = 6E280CC8260FFB4700FD1E69 /* QuizViewModel.swift */; };
		6E280CCC260FFB5C00FD1E69 /* QuestionView.swift in Sources */ = {isa = PBXBuildFile; fileRef = 6E280CCB260FFB5C00FD1E69 /* QuestionView.swift */; };
		6E280CCF260FFB6B00FD1E69 /* AnswerView.swift in Sources */ = {isa = PBXBuildFile; fileRef = 6E280CCE260FFB6B00FD1E69 /* AnswerView.swift */; };
		6E280CD2260FFB7700FD1E69 /* SummaryView.swift in Sources */ = {isa = PBXBuildFile; fileRef = 6E280CD1260FFB7700FD1E69 /* SummaryView.swift */; };
		6E280CD5260FFB8700FD1E69 /* OrderedSet.swift in Sources */ = {isa = PBXBuildFile; fileRef = 6E280CD4260FFB8700FD1E69 /* OrderedSet.swift */; };
		6E280CD8260FFDBF00FD1E69 /* SetCard.swift in Sources */ = {isa = PBXBuildFile; fileRef = 6E280CD7260FFDBF00FD1E69 /* SetCard.swift */; };
		6E280CDB260FFDE100FD1E69 /* SetDetailPage.swift in Sources */ = {isa = PBXBuildFile; fileRef = 6E280CDA260FFDE100FD1E69 /* SetDetailPage.swift */; };
		6E280CDE260FFE3300FD1E69 /* OnboardingView.swift in Sources */ = {isa = PBXBuildFile; fileRef = 6E280CDD260FFE3300FD1E69 /* OnboardingView.swift */; };
		6E280CE1260FFEB200FD1E69 /* MainView.swift in Sources */ = {isa = PBXBuildFile; fileRef = 6E280CE0260FFEB200FD1E69 /* MainView.swift */; };
		6E280CE4260FFEDB00FD1E69 /* ShareSheetView.swift in Sources */ = {isa = PBXBuildFile; fileRef = 6E280CE3260FFEDB00FD1E69 /* ShareSheetView.swift */; };
		6E280CE7260FFEFC00FD1E69 /* QuizView.swift in Sources */ = {isa = PBXBuildFile; fileRef = 6E280CE6260FFEFC00FD1E69 /* QuizView.swift */; };
		6E280CEA260FFF9000FD1E69 /* NewSetSheet.swift in Sources */ = {isa = PBXBuildFile; fileRef = 6E280CE9260FFF9000FD1E69 /* NewSetSheet.swift */; };
		6E280CED260FFFB800FD1E69 /* SafariView.swift in Sources */ = {isa = PBXBuildFile; fileRef = 6E280CEC260FFFB800FD1E69 /* SafariView.swift */; };
		6E280CF0260FFFEB00FD1E69 /* NavigationBarColor.swift in Sources */ = {isa = PBXBuildFile; fileRef = 6E280CEF260FFFEB00FD1E69 /* NavigationBarColor.swift */; };
		6E280CF3261002BE00FD1E69 /* BrowseView.swift in Sources */ = {isa = PBXBuildFile; fileRef = 6E280CF2261002BE00FD1E69 /* BrowseView.swift */; };
		6E90B734261058B500CDA513 /* FloatingTabBar.swift in Sources */ = {isa = PBXBuildFile; fileRef = 6E90B733261058B500CDA513 /* FloatingTabBar.swift */; };
/* End PBXBuildFile section */

/* Begin PBXFileReference section */
		6E280C9B260FF90F00FD1E69 /* StuddyBud.app */ = {isa = PBXFileReference; explicitFileType = wrapper.application; includeInIndex = 0; path = StuddyBud.app; sourceTree = BUILT_PRODUCTS_DIR; };
		6E280C9E260FF90F00FD1E69 /* StuddyBudApp.swift */ = {isa = PBXFileReference; lastKnownFileType = sourcecode.swift; path = StuddyBudApp.swift; sourceTree = "<group>"; };
		6E280CA0260FF90F00FD1E69 /* ContentView.swift */ = {isa = PBXFileReference; lastKnownFileType = sourcecode.swift; path = ContentView.swift; sourceTree = "<group>"; };
		6E280CA2260FF91100FD1E69 /* Assets.xcassets */ = {isa = PBXFileReference; lastKnownFileType = folder.assetcatalog; path = Assets.xcassets; sourceTree = "<group>"; };
		6E280CA5260FF91100FD1E69 /* Preview Assets.xcassets */ = {isa = PBXFileReference; lastKnownFileType = folder.assetcatalog; path = "Preview Assets.xcassets"; sourceTree = "<group>"; };
		6E280CA7260FF91100FD1E69 /* Persistence.swift */ = {isa = PBXFileReference; lastKnownFileType = sourcecode.swift; path = Persistence.swift; sourceTree = "<group>"; };
		6E280CAA260FF91100FD1E69 /* StuddyBud.xcdatamodel */ = {isa = PBXFileReference; lastKnownFileType = wrapper.xcdatamodel; path = StuddyBud.xcdatamodel; sourceTree = "<group>"; };
		6E280CAC260FF91100FD1E69 /* Info.plist */ = {isa = PBXFileReference; lastKnownFileType = text.plist.xml; path = Info.plist; sourceTree = "<group>"; };
		6E280CB6260FFAE600FD1E69 /* NetworkStructs.swift */ = {isa = PBXFileReference; lastKnownFileType = sourcecode.swift; path = NetworkStructs.swift; sourceTree = "<group>"; };
		6E280CB9260FFAF600FD1E69 /* NetConfig.swift */ = {isa = PBXFileReference; lastKnownFileType = sourcecode.swift; path = NetConfig.swift; sourceTree = "<group>"; };
		6E280CBC260FFAFF00FD1E69 /* MainModel.swift */ = {isa = PBXFileReference; lastKnownFileType = sourcecode.swift; path = MainModel.swift; sourceTree = "<group>"; };
		6E280CBF260FFB1500FD1E69 /* JobTransmitterAndReceiver.swift */ = {isa = PBXFileReference; lastKnownFileType = sourcecode.swift; path = JobTransmitterAndReceiver.swift; sourceTree = "<group>"; };
		6E280CC2260FFB2200FD1E69 /* MainViewModel.swift */ = {isa = PBXFileReference; lastKnownFileType = sourcecode.swift; path = MainViewModel.swift; sourceTree = "<group>"; };
		6E280CC5260FFB3600FD1E69 /* FRQChecker.swift */ = {isa = PBXFileReference; lastKnownFileType = sourcecode.swift; path = FRQChecker.swift; sourceTree = "<group>"; };
		6E280CC8260FFB4700FD1E69 /* QuizViewModel.swift */ = {isa = PBXFileReference; lastKnownFileType = sourcecode.swift; path = QuizViewModel.swift; sourceTree = "<group>"; };
		6E280CCB260FFB5C00FD1E69 /* QuestionView.swift */ = {isa = PBXFileReference; lastKnownFileType = sourcecode.swift; path = QuestionView.swift; sourceTree = "<group>"; };
		6E280CCE260FFB6B00FD1E69 /* AnswerView.swift */ = {isa = PBXFileReference; lastKnownFileType = sourcecode.swift; path = AnswerView.swift; sourceTree = "<group>"; };
		6E280CD1260FFB7700FD1E69 /* SummaryView.swift */ = {isa = PBXFileReference; lastKnownFileType = sourcecode.swift; path = SummaryView.swift; sourceTree = "<group>"; };
		6E280CD4260FFB8700FD1E69 /* OrderedSet.swift */ = {isa = PBXFileReference; lastKnownFileType = sourcecode.swift; path = OrderedSet.swift; sourceTree = "<group>"; };
		6E280CD7260FFDBF00FD1E69 /* SetCard.swift */ = {isa = PBXFileReference; lastKnownFileType = sourcecode.swift; path = SetCard.swift; sourceTree = "<group>"; };
		6E280CDA260FFDE100FD1E69 /* SetDetailPage.swift */ = {isa = PBXFileReference; lastKnownFileType = sourcecode.swift; path = SetDetailPage.swift; sourceTree = "<group>"; };
		6E280CDD260FFE3300FD1E69 /* OnboardingView.swift */ = {isa = PBXFileReference; lastKnownFileType = sourcecode.swift; path = OnboardingView.swift; sourceTree = "<group>"; };
		6E280CE0260FFEB200FD1E69 /* MainView.swift */ = {isa = PBXFileReference; lastKnownFileType = sourcecode.swift; path = MainView.swift; sourceTree = "<group>"; };
		6E280CE3260FFEDB00FD1E69 /* ShareSheetView.swift */ = {isa = PBXFileReference; lastKnownFileType = sourcecode.swift; path = ShareSheetView.swift; sourceTree = "<group>"; };
		6E280CE6260FFEFC00FD1E69 /* QuizView.swift */ = {isa = PBXFileReference; lastKnownFileType = sourcecode.swift; path = QuizView.swift; sourceTree = "<group>"; };
		6E280CE9260FFF9000FD1E69 /* NewSetSheet.swift */ = {isa = PBXFileReference; lastKnownFileType = sourcecode.swift; path = NewSetSheet.swift; sourceTree = "<group>"; };
		6E280CEC260FFFB800FD1E69 /* SafariView.swift */ = {isa = PBXFileReference; lastKnownFileType = sourcecode.swift; path = SafariView.swift; sourceTree = "<group>"; };
		6E280CEF260FFFEB00FD1E69 /* NavigationBarColor.swift */ = {isa = PBXFileReference; lastKnownFileType = sourcecode.swift; path = NavigationBarColor.swift; sourceTree = "<group>"; };
		6E280CF2261002BE00FD1E69 /* BrowseView.swift */ = {isa = PBXFileReference; lastKnownFileType = sourcecode.swift; path = BrowseView.swift; sourceTree = "<group>"; };
		6E90B733261058B500CDA513 /* FloatingTabBar.swift */ = {isa = PBXFileReference; lastKnownFileType = sourcecode.swift; path = FloatingTabBar.swift; sourceTree = "<group>"; };
/* End PBXFileReference section */

/* Begin PBXFrameworksBuildPhase section */
		6E280C98260FF90F00FD1E69 /* Frameworks */ = {
			isa = PBXFrameworksBuildPhase;
			buildActionMask = 2147483647;
			files = (
			);
			runOnlyForDeploymentPostprocessing = 0;
		};
/* End PBXFrameworksBuildPhase section */

/* Begin PBXGroup section */
		6E280C92260FF90F00FD1E69 = {
			isa = PBXGroup;
			children = (
				6E280C9D260FF90F00FD1E69 /* StuddyBud */,
				6E280C9C260FF90F00FD1E69 /* Products */,
			);
			sourceTree = "<group>";
		};
		6E280C9C260FF90F00FD1E69 /* Products */ = {
			isa = PBXGroup;
			children = (
				6E280C9B260FF90F00FD1E69 /* StuddyBud.app */,
			);
			name = Products;
			sourceTree = "<group>";
		};
		6E280C9D260FF90F00FD1E69 /* StuddyBud */ = {
			isa = PBXGroup;
			children = (
				6E280CB5260FFAC400FD1E69 /* Model */,
				6E280CB4260FFABB00FD1E69 /* ViewModel */,
				6E280CB3260FFAA200FD1E69 /* QuizComponents */,
				6E280C9E260FF90F00FD1E69 /* StuddyBudApp.swift */,
				6E280CA0260FF90F00FD1E69 /* ContentView.swift */,
				6E280CA2260FF91100FD1E69 /* Assets.xcassets */,
				6E280CA7260FF91100FD1E69 /* Persistence.swift */,
				6E280CAC260FF91100FD1E69 /* Info.plist */,
				6E280CA9260FF91100FD1E69 /* StuddyBud.xcdatamodeld */,
				6E280CA4260FF91100FD1E69 /* Preview Content */,
				6E280CD7260FFDBF00FD1E69 /* SetCard.swift */,
				6E280CDA260FFDE100FD1E69 /* SetDetailPage.swift */,
				6E280CDD260FFE3300FD1E69 /* OnboardingView.swift */,
				6E280CE0260FFEB200FD1E69 /* MainView.swift */,
				6E280CE3260FFEDB00FD1E69 /* ShareSheetView.swift */,
				6E280CE6260FFEFC00FD1E69 /* QuizView.swift */,
				6E280CE9260FFF9000FD1E69 /* NewSetSheet.swift */,
				6E280CEC260FFFB800FD1E69 /* SafariView.swift */,
				6E280CEF260FFFEB00FD1E69 /* NavigationBarColor.swift */,
				6E280CF2261002BE00FD1E69 /* BrowseView.swift */,
				6E90B733261058B500CDA513 /* FloatingTabBar.swift */,
			);
			path = StuddyBud;
			sourceTree = "<group>";
		};
		6E280CA4260FF91100FD1E69 /* Preview Content */ = {
			isa = PBXGroup;
			children = (
				6E280CA5260FF91100FD1E69 /* Preview Assets.xcassets */,
			);
			path = "Preview Content";
			sourceTree = "<group>";
		};
		6E280CB3260FFAA200FD1E69 /* QuizComponents */ = {
			isa = PBXGroup;
			children = (
				6E280CCB260FFB5C00FD1E69 /* QuestionView.swift */,
				6E280CCE260FFB6B00FD1E69 /* AnswerView.swift */,
				6E280CD1260FFB7700FD1E69 /* SummaryView.swift */,
				6E280CD4260FFB8700FD1E69 /* OrderedSet.swift */,
			);
			path = QuizComponents;
			sourceTree = "<group>";
		};
		6E280CB4260FFABB00FD1E69 /* ViewModel */ = {
			isa = PBXGroup;
			children = (
				6E280CBF260FFB1500FD1E69 /* JobTransmitterAndReceiver.swift */,
				6E280CC2260FFB2200FD1E69 /* MainViewModel.swift */,
				6E280CC5260FFB3600FD1E69 /* FRQChecker.swift */,
				6E280CC8260FFB4700FD1E69 /* QuizViewModel.swift */,
			);
			path = ViewModel;
			sourceTree = "<group>";
		};
		6E280CB5260FFAC400FD1E69 /* Model */ = {
			isa = PBXGroup;
			children = (
				6E280CB6260FFAE600FD1E69 /* NetworkStructs.swift */,
				6E280CB9260FFAF600FD1E69 /* NetConfig.swift */,
				6E280CBC260FFAFF00FD1E69 /* MainModel.swift */,
			);
			path = Model;
			sourceTree = "<group>";
		};
/* End PBXGroup section */

/* Begin PBXNativeTarget section */
		6E280C9A260FF90F00FD1E69 /* StuddyBud */ = {
			isa = PBXNativeTarget;
			buildConfigurationList = 6E280CAF260FF91100FD1E69 /* Build configuration list for PBXNativeTarget "StuddyBud" */;
			buildPhases = (
				6E280C97260FF90F00FD1E69 /* Sources */,
				6E280C98260FF90F00FD1E69 /* Frameworks */,
				6E280C99260FF90F00FD1E69 /* Resources */,
			);
			buildRules = (
			);
			dependencies = (
			);
			name = StuddyBud;
			productName = StuddyBud;
			productReference = 6E280C9B260FF90F00FD1E69 /* StuddyBud.app */;
			productType = "com.apple.product-type.application";
		};
/* End PBXNativeTarget section */

/* Begin PBXProject section */
		6E280C93260FF90F00FD1E69 /* Project object */ = {
			isa = PBXProject;
			attributes = {
				LastSwiftUpdateCheck = 1230;
				LastUpgradeCheck = 1230;
				TargetAttributes = {
					6E280C9A260FF90F00FD1E69 = {
						CreatedOnToolsVersion = 12.3;
					};
				};
			};
			buildConfigurationList = 6E280C96260FF90F00FD1E69 /* Build configuration list for PBXProject "StuddyBud" */;
			compatibilityVersion = "Xcode 9.3";
			developmentRegion = en;
			hasScannedForEncodings = 0;
			knownRegions = (
				en,
				Base,
			);
			mainGroup = 6E280C92260FF90F00FD1E69;
			productRefGroup = 6E280C9C260FF90F00FD1E69 /* Products */;
			projectDirPath = "";
			projectRoot = "";
			targets = (
				6E280C9A260FF90F00FD1E69 /* StuddyBud */,
			);
		};
/* End PBXProject section */

/* Begin PBXResourcesBuildPhase section */
		6E280C99260FF90F00FD1E69 /* Resources */ = {
			isa = PBXResourcesBuildPhase;
			buildActionMask = 2147483647;
			files = (
				6E280CA6260FF91100FD1E69 /* Preview Assets.xcassets in Resources */,
				6E280CA3260FF91100FD1E69 /* Assets.xcassets in Resources */,
			);
			runOnlyForDeploymentPostprocessing = 0;
		};
/* End PBXResourcesBuildPhase section */

/* Begin PBXSourcesBuildPhase section */
		6E280C97260FF90F00FD1E69 /* Sources */ = {
			isa = PBXSourcesBuildPhase;
			buildActionMask = 2147483647;
			files = (
				6E280CB7260FFAE600FD1E69 /* NetworkStructs.swift in Sources */,
				6E280CEA260FFF9000FD1E69 /* NewSetSheet.swift in Sources */,
				6E280CD2260FFB7700FD1E69 /* SummaryView.swift in Sources */,
				6E280CE4260FFEDB00FD1E69 /* ShareSheetView.swift in Sources */,
				6E280CBA260FFAF600FD1E69 /* NetConfig.swift in Sources */,
				6E280CDE260FFE3300FD1E69 /* OnboardingView.swift in Sources */,
				6E280CCF260FFB6B00FD1E69 /* AnswerView.swift in Sources */,
				6E280CF0260FFFEB00FD1E69 /* NavigationBarColor.swift in Sources */,
				6E280CE1260FFEB200FD1E69 /* MainView.swift in Sources */,
				6E280CC0260FFB1500FD1E69 /* JobTransmitterAndReceiver.swift in Sources */,
				6E280CA8260FF91100FD1E69 /* Persistence.swift in Sources */,
				6E280CCC260FFB5C00FD1E69 /* QuestionView.swift in Sources */,
				6E280CF3261002BE00FD1E69 /* BrowseView.swift in Sources */,
				6E280CBD260FFAFF00FD1E69 /* MainModel.swift in Sources */,
				6E280CE7260FFEFC00FD1E69 /* QuizView.swift in Sources */,
				6E280CED260FFFB800FD1E69 /* SafariView.swift in Sources */,
				6E280CA1260FF90F00FD1E69 /* ContentView.swift in Sources */,
				6E280CD5260FFB8700FD1E69 /* OrderedSet.swift in Sources */,
				6E280CC9260FFB4700FD1E69 /* QuizViewModel.swift in Sources */,
				6E280CAB260FF91100FD1E69 /* StuddyBud.xcdatamodeld in Sources */,
				6E280C9F260FF90F00FD1E69 /* StuddyBudApp.swift in Sources */,
				6E90B734261058B500CDA513 /* FloatingTabBar.swift in Sources */,
				6E280CDB260FFDE100FD1E69 /* SetDetailPage.swift in Sources */,
				6E280CC3260FFB2200FD1E69 /* MainViewModel.swift in Sources */,
				6E280CD8260FFDBF00FD1E69 /* SetCard.swift in Sources */,
				6E280CC6260FFB3600FD1E69 /* FRQChecker.swift in Sources */,
			);
			runOnlyForDeploymentPostprocessing = 0;
		};
/* End PBXSourcesBuildPhase section */

/* Begin XCBuildConfiguration section */
		6E280CAD260FF91100FD1E69 /* Debug */ = {
			isa = XCBuildConfiguration;
			buildSettings = {
				ALWAYS_SEARCH_USER_PATHS = NO;
				CLANG_ANALYZER_NONNULL = YES;
				CLANG_ANALYZER_NUMBER_OBJECT_CONVERSION = YES_AGGRESSIVE;
				CLANG_CXX_LANGUAGE_STANDARD = "gnu++14";
				CLANG_CXX_LIBRARY = "libc++";
				CLANG_ENABLE_MODULES = YES;
				CLANG_ENABLE_OBJC_ARC = YES;
				CLANG_ENABLE_OBJC_WEAK = YES;
				CLANG_WARN_BLOCK_CAPTURE_AUTORELEASING = YES;
				CLANG_WARN_BOOL_CONVERSION = YES;
				CLANG_WARN_COMMA = YES;
				CLANG_WARN_CONSTANT_CONVERSION = YES;
				CLANG_WARN_DEPRECATED_OBJC_IMPLEMENTATIONS = YES;
				CLANG_WARN_DIRECT_OBJC_ISA_USAGE = YES_ERROR;
				CLANG_WARN_DOCUMENTATION_COMMENTS = YES;
				CLANG_WARN_EMPTY_BODY = YES;
				CLANG_WARN_ENUM_CONVERSION = YES;
				CLANG_WARN_INFINITE_RECURSION = YES;
				CLANG_WARN_INT_CONVERSION = YES;
				CLANG_WARN_NON_LITERAL_NULL_CONVERSION = YES;
				CLANG_WARN_OBJC_IMPLICIT_RETAIN_SELF = YES;
				CLANG_WARN_OBJC_LITERAL_CONVERSION = YES;
				CLANG_WARN_OBJC_ROOT_CLASS = YES_ERROR;
				CLANG_WARN_QUOTED_INCLUDE_IN_FRAMEWORK_HEADER = YES;
				CLANG_WARN_RANGE_LOOP_ANALYSIS = YES;
				CLANG_WARN_STRICT_PROTOTYPES = YES;
				CLANG_WARN_SUSPICIOUS_MOVE = YES;
				CLANG_WARN_UNGUARDED_AVAILABILITY = YES_AGGRESSIVE;
				CLANG_WARN_UNREACHABLE_CODE = YES;
				CLANG_WARN__DUPLICATE_METHOD_MATCH = YES;
				COPY_PHASE_STRIP = NO;
				DEBUG_INFORMATION_FORMAT = dwarf;
				ENABLE_STRICT_OBJC_MSGSEND = YES;
				ENABLE_TESTABILITY = YES;
				GCC_C_LANGUAGE_STANDARD = gnu11;
				GCC_DYNAMIC_NO_PIC = NO;
				GCC_NO_COMMON_BLOCKS = YES;
				GCC_OPTIMIZATION_LEVEL = 0;
				GCC_PREPROCESSOR_DEFINITIONS = (
					"DEBUG=1",
					"$(inherited)",
				);
				GCC_WARN_64_TO_32_BIT_CONVERSION = YES;
				GCC_WARN_ABOUT_RETURN_TYPE = YES_ERROR;
				GCC_WARN_UNDECLARED_SELECTOR = YES;
				GCC_WARN_UNINITIALIZED_AUTOS = YES_AGGRESSIVE;
				GCC_WARN_UNUSED_FUNCTION = YES;
				GCC_WARN_UNUSED_VARIABLE = YES;
				IPHONEOS_DEPLOYMENT_TARGET = 14.3;
				MTL_ENABLE_DEBUG_INFO = INCLUDE_SOURCE;
				MTL_FAST_MATH = YES;
				ONLY_ACTIVE_ARCH = YES;
				SDKROOT = iphoneos;
				SWIFT_ACTIVE_COMPILATION_CONDITIONS = DEBUG;
				SWIFT_OPTIMIZATION_LEVEL = "-Onone";
			};
			name = Debug;
		};
		6E280CAE260FF91100FD1E69 /* Release */ = {
			isa = XCBuildConfiguration;
			buildSettings = {
				ALWAYS_SEARCH_USER_PATHS = NO;
				CLANG_ANALYZER_NONNULL = YES;
				CLANG_ANALYZER_NUMBER_OBJECT_CONVERSION = YES_AGGRESSIVE;
				CLANG_CXX_LANGUAGE_STANDARD = "gnu++14";
				CLANG_CXX_LIBRARY = "libc++";
				CLANG_ENABLE_MODULES = YES;
				CLANG_ENABLE_OBJC_ARC = YES;
				CLANG_ENABLE_OBJC_WEAK = YES;
				CLANG_WARN_BLOCK_CAPTURE_AUTORELEASING = YES;
				CLANG_WARN_BOOL_CONVERSION = YES;
				CLANG_WARN_COMMA = YES;
				CLANG_WARN_CONSTANT_CONVERSION = YES;
				CLANG_WARN_DEPRECATED_OBJC_IMPLEMENTATIONS = YES;
				CLANG_WARN_DIRECT_OBJC_ISA_USAGE = YES_ERROR;
				CLANG_WARN_DOCUMENTATION_COMMENTS = YES;
				CLANG_WARN_EMPTY_BODY = YES;
				CLANG_WARN_ENUM_CONVERSION = YES;
				CLANG_WARN_INFINITE_RECURSION = YES;
				CLANG_WARN_INT_CONVERSION = YES;
				CLANG_WARN_NON_LITERAL_NULL_CONVERSION = YES;
				CLANG_WARN_OBJC_IMPLICIT_RETAIN_SELF = YES;
				CLANG_WARN_OBJC_LITERAL_CONVERSION = YES;
				CLANG_WARN_OBJC_ROOT_CLASS = YES_ERROR;
				CLANG_WARN_QUOTED_INCLUDE_IN_FRAMEWORK_HEADER = YES;
				CLANG_WARN_RANGE_LOOP_ANALYSIS = YES;
				CLANG_WARN_STRICT_PROTOTYPES = YES;
				CLANG_WARN_SUSPICIOUS_MOVE = YES;
				CLANG_WARN_UNGUARDED_AVAILABILITY = YES_AGGRESSIVE;
				CLANG_WARN_UNREACHABLE_CODE = YES;
				CLANG_WARN__DUPLICATE_METHOD_MATCH = YES;
				COPY_PHASE_STRIP = NO;
				DEBUG_INFORMATION_FORMAT = "dwarf-with-dsym";
				ENABLE_NS_ASSERTIONS = NO;
				ENABLE_STRICT_OBJC_MSGSEND = YES;
				GCC_C_LANGUAGE_STANDARD = gnu11;
				GCC_NO_COMMON_BLOCKS = YES;
				GCC_WARN_64_TO_32_BIT_CONVERSION = YES;
				GCC_WARN_ABOUT_RETURN_TYPE = YES_ERROR;
				GCC_WARN_UNDECLARED_SELECTOR = YES;
				GCC_WARN_UNINITIALIZED_AUTOS = YES_AGGRESSIVE;
				GCC_WARN_UNUSED_FUNCTION = YES;
				GCC_WARN_UNUSED_VARIABLE = YES;
				IPHONEOS_DEPLOYMENT_TARGET = 14.3;
				MTL_ENABLE_DEBUG_INFO = NO;
				MTL_FAST_MATH = YES;
				SDKROOT = iphoneos;
				SWIFT_COMPILATION_MODE = wholemodule;
				SWIFT_OPTIMIZATION_LEVEL = "-O";
				VALIDATE_PRODUCT = YES;
			};
			name = Release;
		};
		6E280CB0260FF91100FD1E69 /* Debug */ = {
			isa = XCBuildConfiguration;
			buildSettings = {
				ASSETCATALOG_COMPILER_APPICON_NAME = AppIcon;
				ASSETCATALOG_COMPILER_GLOBAL_ACCENT_COLOR_NAME = AccentColor;
				CODE_SIGN_STYLE = Automatic;
				DEVELOPMENT_ASSET_PATHS = "\"StuddyBud/Preview Content\"";
				ENABLE_PREVIEWS = YES;
				INFOPLIST_FILE = StuddyBud/Info.plist;
				IPHONEOS_DEPLOYMENT_TARGET = 14.0;
				LD_RUNPATH_SEARCH_PATHS = (
					"$(inherited)",
					"@executable_path/Frameworks",
				);
				PRODUCT_BUNDLE_IDENTIFIER = SaakethC.StuddyBud;
				PRODUCT_NAME = "$(TARGET_NAME)";
				SWIFT_VERSION = 5.0;
				TARGETED_DEVICE_FAMILY = "1,2";
			};
			name = Debug;
		};
		6E280CB1260FF91100FD1E69 /* Release */ = {
			isa = XCBuildConfiguration;
			buildSettings = {
				ASSETCATALOG_COMPILER_APPICON_NAME = AppIcon;
				ASSETCATALOG_COMPILER_GLOBAL_ACCENT_COLOR_NAME = AccentColor;
				CODE_SIGN_STYLE = Automatic;
				DEVELOPMENT_ASSET_PATHS = "\"StuddyBud/Preview Content\"";
				ENABLE_PREVIEWS = YES;
				INFOPLIST_FILE = StuddyBud/Info.plist;
				IPHONEOS_DEPLOYMENT_TARGET = 14.0;
				LD_RUNPATH_SEARCH_PATHS = (
					"$(inherited)",
					"@executable_path/Frameworks",
				);
				PRODUCT_BUNDLE_IDENTIFIER = SaakethC.StuddyBud;
				PRODUCT_NAME = "$(TARGET_NAME)";
				SWIFT_VERSION = 5.0;
				TARGETED_DEVICE_FAMILY = "1,2";
			};
			name = Release;
		};
/* End XCBuildConfiguration section */

/* Begin XCConfigurationList section */
		6E280C96260FF90F00FD1E69 /* Build configuration list for PBXProject "StuddyBud" */ = {
			isa = XCConfigurationList;
			buildConfigurations = (
				6E280CAD260FF91100FD1E69 /* Debug */,
				6E280CAE260FF91100FD1E69 /* Release */,
			);
			defaultConfigurationIsVisible = 0;
			defaultConfigurationName = Release;
		};
		6E280CAF260FF91100FD1E69 /* Build configuration list for PBXNativeTarget "StuddyBud" */ = {
			isa = XCConfigurationList;
			buildConfigurations = (
				6E280CB0260FF91100FD1E69 /* Debug */,
				6E280CB1260FF91100FD1E69 /* Release */,
			);
			defaultConfigurationIsVisible = 0;
			defaultConfigurationName = Release;
		};
/* End XCConfigurationList section */

/* Begin XCVersionGroup section */
		6E280CA9260FF91100FD1E69 /* StuddyBud.xcdatamodeld */ = {
			isa = XCVersionGroup;
			children = (
				6E280CAA260FF91100FD1E69 /* StuddyBud.xcdatamodel */,
			);
			currentVersion = 6E280CAA260FF91100FD1E69 /* StuddyBud.xcdatamodel */;
			path = StuddyBud.xcdatamodeld;
			sourceTree = "<group>";
			versionGroupType = wrapper.xcdatamodel;
		};
/* End XCVersionGroup section */
	};
	rootObject = 6E280C93260FF90F00FD1E69 /* Project object */;
}
